
Microsoft Visual Studio Solution File, Format Version 12.00
# Visual Studio Version 16
VisualStudioVersion = 16.0.30320.27
MinimumVisualStudioVersion = 10.0.40219.1
Project("{FAE04EC0-301F-11D3-BF4B-00C04F79EFBC}") = "Activity2Part1", "Activity2Part1\Activity2Part1.csproj", "{75EF4B6F-B9EB-45E2-8CF1-73F2A1558C54}"
EndProject
Global
	GlobalSection(SolutionConfigurationPlatforms) = preSolution
		Debug|Any CPU = Debug|Any CPU
		Release|Any CPU = Release|Any CPU
	EndGlobalSection
	GlobalSection(ProjectConfigurationPlatforms) = postSolution
		{75EF4B6F-B9EB-45E2-8CF1-73F2A1558C54}.Debug|Any CPU.ActiveCfg = Debug|Any CPU
		{75EF4B6F-B9EB-45E2-8CF1-73F2A1558C54}.Debug|Any CPU.Build.0 = Debug|Any CPU
		{75EF4B6F-B9EB-45E2-8CF1-73F2A1558C54}.Release|Any CPU.ActiveCfg = Release|Any CPU
		{75EF4B6F-B9EB-45E2-8CF1-73F2A1558C54}.Release|Any CPU.Build.0 = Release|Any CPU
	EndGlobalSection
	GlobalSection(SolutionProperties) = preSolution
		HideSolutionNode = FALSE
	EndGlobalSection
	GlobalSection(ExtensibilityGlobals) = postSolution
		SolutionGuid = {E7F6E7AD-EA4E-4E62-A372-0367AF2BE78E}
	EndGlobalSection
EndGlobal
